{
  "name": "v",
  "lockfileVersion": 3,
  "requires": true,
  "packages": {
    "": {
      "dependencies": {
        "dompurify": "^3.4.12",
        "marked": "^18.0.6"
      }
    },
    "node_modules/@types/trusted-types": {
      "version": "2.0.7",
      "resolved": "https://registry.npmmirror.com/@types/trusted-types/-/trusted-types-2.0.7.tgz",
      "integrity": "sha512-ScaPdn1dQczgbl0QFTeTOmVHFULt394XJgOQNoyVhZ6r2vLnMLJfBPd53SB52T/3G36VI1/g2MZaX0cwDuXsfw==",
      "license": "MIT",
      "optional": true
    },
    "node_modules/dompurify": {
      "version": "3.4.12",
      "resolved": "https://registry.npmmirror.com/dompurify/-/dompurify-3.4.12.tgz",
      "integrity": "sha512-zQvGet8Z2sWbQhCmfFz/T5QWH2oBmjnqK3qvOjaqaNLrLEF912WamU+ohnTp0TCep/MFVHpdJuCZEdFOdTnEFg==",
      "license": "(MPL-2.0 OR Apache-2.0)",
      "optionalDependencies": {
        "@types/trusted-types": "^2.0.7"
      }
    },
    "node_modules/marked": {
      "version": "18.0.6",
      "resolved": "https://registry.npmmirror.com/marked/-/marked-18.0.6.tgz",
      "integrity": "sha512-MrV5puXBfuiy6wl6DLaq3BtIJQAJToAd5zt/ZKhRfGRAuFPALE7/4Y7jnxRQoEgK/pBgurGqLyAuRgZ2xOjr6w==",
      "license": "MIT",
      "bin": {
        "marked": "bin/marked.js"
      },
      "engines": {
        "node": ">= 20"
      }
    }
  }
}
